// !$*UTF8*$!
{
	archiveVersion = 1;
	classes = {
	};
	objectVersion = 50;
	objects = {

/* Begin PBXBuildFile section */
		D8F15291273F96B300CF4F83 /* SwiftUIJsonParsingApp.swift in Sources */ = {isa = PBXBuildFile; fileRef = D8F15290273F96B300CF4F83 /* SwiftUIJsonParsingApp.swift */; };
		D8F15293273F96B300CF4F83 /* ContentView.swift in Sources */ = {isa = PBXBuildFile; fileRef = D8F15292273F96B300CF4F83 /* ContentView.swift */; };
		D8F15295273F96B500CF4F83 /* Assets.xcassets in Resources */ = {isa = PBXBuildFile; fileRef = D8F15294273F96B500CF4F83 /* Assets.xcassets */; };
		D8F15298273F96B500CF4F83 /* Preview Assets.xcassets in Resources */ = {isa = PBXBuildFile; fileRef = D8F15297273F96B500CF4F83 /* Preview Assets.xcassets */; };
		D8F152A3273F96B600CF4F83 /* SwiftUIJsonParsingTests.swift in Sources */ = {isa = PBXBuildFile; fileRef = D8F152A2273F96B600CF4F83 /* SwiftUIJsonParsingTests.swift */; };
		D8F152AE273F96B600CF4F83 /* SwiftUIJsonParsingUITests.swift in Sources */ = {isa = PBXBuildFile; fileRef = D8F152AD273F96B600CF4F83 /* SwiftUIJsonParsingUITests.swift */; };
		D8F152BC273F97CE00CF4F83 /* UserModel.swift in Sources */ = {isa = PBXBuildFile; fileRef = D8F152BB273F97CE00CF4F83 /* UserModel.swift */; };
		D8F152BE273F985200CF4F83 /* UserViewModel.swift in Sources */ = {isa = PBXBuildFile; fileRef = D8F152BD273F985200CF4F83 /* UserViewModel.swift */; };
/* End PBXBuildFile section */

/* Begin PBXContainerItemProxy section */
		D8F1529F273F96B600CF4F83 /* PBXContainerItemProxy */ = {
			isa = PBXContainerItemProxy;
			containerPortal = D8F15285273F96B300CF4F83 /* Project object */;
			proxyType = 1;
			remoteGlobalIDString = D8F1528C273F96B300CF4F83;
			remoteInfo = SwiftUIJsonParsing;
		};
		D8F152AA273F96B600CF4F83 /* PBXContainerItemProxy */ = {
			isa = PBXContainerItemProxy;
			containerPortal = D8F15285273F96B300CF4F83 /* Project object */;
			proxyType = 1;
			remoteGlobalIDString = D8F1528C273F96B300CF4F83;
			remoteInfo = SwiftUIJsonParsing;
		};
/* End PBXContainerItemProxy section */

/* Begin PBXFileReference section */
		D8F1528D273F96B300CF4F83 /* SwiftUIJsonParsing.app */ = {isa = PBXFileReference; explicitFileType = wrapper.application; includeInIndex = 0; path = SwiftUIJsonParsing.app; sourceTree = BUILT_PRODUCTS_DIR; };
		D8F15290273F96B300CF4F83 /* SwiftUIJsonParsingApp.swift */ = {isa = PBXFileReference; lastKnownFileType = sourcecode.swift; path = SwiftUIJsonParsingApp.swift; sourceTree = "<group>"; };
		D8F15292273F96B300CF4F83 /* ContentView.swift */ = {isa = PBXFileReference; lastKnownFileType = sourcecode.swift; path = ContentView.swift; sourceTree = "<group>"; };
		D8F15294273F96B500CF4F83 /* Assets.xcassets */ = {isa = PBXFileReference; lastKnownFileType = folder.assetcatalog; path = Assets.xcassets; sourceTree = "<group>"; };
		D8F15297273F96B500CF4F83 /* Preview Assets.xcassets */ = {isa = PBXFileReference; lastKnownFileType = folder.assetcatalog; path = "Preview Assets.xcassets"; sourceTree = "<group>"; };
		D8F15299273F96B500CF4F83 /* Info.plist */ = {isa = PBXFileReference; lastKnownFileType = text.plist.xml; path = Info.plist; sourceTree = "<group>"; };
		D8F1529E273F96B600CF4F83 /* SwiftUIJsonParsingTests.xctest */ = {isa = PBXFileReference; explicitFileType = wrapper.cfbundle; includeInIndex = 0; path = SwiftUIJsonParsingTests.xctest; sourceTree = BUILT_PRODUCTS_DIR; };
		D8F152A2273F96B600CF4F83 /* SwiftUIJsonParsingTests.swift */ = {isa = PBXFileReference; lastKnownFileType = sourcecode.swift; path = SwiftUIJsonParsingTests.swift; sourceTree = "<group>"; };
		D8F152A4273F96B600CF4F83 /* Info.plist */ = {isa = PBXFileReference; lastKnownFileType = text.plist.xml; path = Info.plist; sourceTree = "<group>"; };
		D8F152A9273F96B600CF4F83 /* SwiftUIJsonParsingUITests.xctest */ = {isa = PBXFileReference; explicitFileType = wrapper.cfbundle; includeInIndex = 0; path = SwiftUIJsonParsingUITests.xctest; sourceTree = BUILT_PRODUCTS_DIR; };
		D8F152AD273F96B600CF4F83 /* SwiftUIJsonParsingUITests.swift */ = {isa = PBXFileReference; lastKnownFileType = sourcecode.swift; path = SwiftUIJsonParsingUITests.swift; sourceTree = "<group>"; };
		D8F152AF273F96B600CF4F83 /* Info.plist */ = {isa = PBXFileReference; lastKnownFileType = text.plist.xml; path = Info.plist; sourceTree = "<group>"; };
		D8F152BB273F97CE00CF4F83 /* UserModel.swift */ = {isa = PBXFileReference; lastKnownFileType = sourcecode.swift; path = UserModel.swift; sourceTree = "<group>"; };
		D8F152BD273F985200CF4F83 /* UserViewModel.swift */ = {isa = PBXFileReference; lastKnownFileType = sourcecode.swift; path = UserViewModel.swift; sourceTree = "<group>"; };
/* End PBXFileReference section */

/* Begin PBXFrameworksBuildPhase section */
		D8F1528A273F96B300CF4F83 /* Frameworks */ = {
			isa = PBXFrameworksBuildPhase;
			buildActionMask = 2147483647;
			files = (
			);
			runOnlyForDeploymentPostprocessing = 0;
		};
		D8F1529B273F96B600CF4F83 /* Frameworks */ = {
			isa = PBXFrameworksBuildPhase;
			buildActionMask = 2147483647;
			files = (
			);
			runOnlyForDeploymentPostprocessing = 0;
		};
		D8F152A6273F96B600CF4F83 /* Frameworks */ = {
			isa = PBXFrameworksBuildPhase;
			buildActionMask = 2147483647;
			files = (
			);
			runOnlyForDeploymentPostprocessing = 0;
		};
/* End PBXFrameworksBuildPhase section */

/* Begin PBXGroup section */
		D8F15284273F96B300CF4F83 = {
			isa = PBXGroup;
			children = (
				D8F1528F273F96B300CF4F83 /* SwiftUIJsonParsing */,
				D8F152A1273F96B600CF4F83 /* SwiftUIJsonParsingTests */,
				D8F152AC273F96B600CF4F83 /* SwiftUIJsonParsingUITests */,
				D8F1528E273F96B300CF4F83 /* Products */,
			);
			sourceTree = "<group>";
		};
		D8F1528E273F96B300CF4F83 /* Products */ = {
			isa = PBXGroup;
			children = (
				D8F1528D273F96B300CF4F83 /* SwiftUIJsonParsing.app */,
				D8F1529E273F96B600CF4F83 /* SwiftUIJsonParsingTests.xctest */,
				D8F152A9273F96B600CF4F83 /* SwiftUIJsonParsingUITests.xctest */,
			);
			name = Products;
			sourceTree = "<group>";
		};
		D8F1528F273F96B300CF4F83 /* SwiftUIJsonParsing */ = {
			isa = PBXGroup;
			children = (
				D8F15290273F96B300CF4F83 /* SwiftUIJsonParsingApp.swift */,
				D8F15292273F96B300CF4F83 /* ContentView.swift */,
				D8F15294273F96B500CF4F83 /* Assets.xcassets */,
				D8F15299273F96B500CF4F83 /* Info.plist */,
				D8F15296273F96B500CF4F83 /* Preview Content */,
				D8F152BB273F97CE00CF4F83 /* UserModel.swift */,
				D8F152BD273F985200CF4F83 /* UserViewModel.swift */,
			);
			path = SwiftUIJsonParsing;
			sourceTree = "<group>";
		};
		D8F15296273F96B500CF4F83 /* Preview Content */ = {
			isa = PBXGroup;
			children = (
				D8F15297273F96B500CF4F83 /* Preview Assets.xcassets */,
			);
			path = "Preview Content";
			sourceTree = "<group>";
		};
		D8F152A1273F96B600CF4F83 /* SwiftUIJsonParsingTests */ = {
			isa = PBXGroup;
			children = (
				D8F152A2273F96B600CF4F83 /* SwiftUIJsonParsingTests.swift */,
				D8F152A4273F96B600CF4F83 /* Info.plist */,
			);
			path = SwiftUIJsonParsingTests;
			sourceTree = "<group>";
		};
		D8F152AC273F96B600CF4F83 /* SwiftUIJsonParsingUITests */ = {
			isa = PBXGroup;
			children = (
				D8F152AD273F96B600CF4F83 /* SwiftUIJsonParsingUITests.swift */,
				D8F152AF273F96B600CF4F83 /* Info.plist */,
			);
			path = SwiftUIJsonParsingUITests;
			sourceTree = "<group>";
		};
/* End PBXGroup section */

/* Begin PBXNativeTarget section */
		D8F1528C273F96B300CF4F83 /* SwiftUIJsonParsing */ = {
			isa = PBXNativeTarget;
			buildConfigurationList = D8F152B2273F96B600CF4F83 /* Build configuration list for PBXNativeTarget "SwiftUIJsonParsing" */;
			buildPhases = (
				D8F15289273F96B300CF4F83 /* Sources */,
				D8F1528A273F96B300CF4F83 /* Frameworks */,
				D8F1528B273F96B300CF4F83 /* Resources */,
			);
			buildRules = (
			);
			dependencies = (
			);
			name = SwiftUIJsonParsing;
			productName = SwiftUIJsonParsing;
			productReference = D8F1528D273F96B300CF4F83 /* SwiftUIJsonParsing.app */;
			productType = "com.apple.product-type.application";
		};
		D8F1529D273F96B600CF4F83 /* SwiftUIJsonParsingTests */ = {
			isa = PBXNativeTarget;
			buildConfigurationList = D8F152B5273F96B600CF4F83 /* Build configuration list for PBXNativeTarget "SwiftUIJsonParsingTests" */;
			buildPhases = (
				D8F1529A273F96B600CF4F83 /* Sources */,
				D8F1529B273F96B600CF4F83 /* Frameworks */,
				D8F1529C273F96B600CF4F83 /* Resources */,
			);
			buildRules = (
			);
			dependencies = (
				D8F152A0273F96B600CF4F83 /* PBXTargetDependency */,
			);
			name = SwiftUIJsonParsingTests;
			productName = SwiftUIJsonParsingTests;
			productReference = D8F1529E273F96B600CF4F83 /* SwiftUIJsonParsingTests.xctest */;
			productType = "com.apple.product-type.bundle.unit-test";
		};
		D8F152A8273F96B600CF4F83 /* SwiftUIJsonParsingUITests */ = {
			isa = PBXNativeTarget;
			buildConfigurationList = D8F152B8273F96B600CF4F83 /* Build configuration list for PBXNativeTarget "SwiftUIJsonParsingUITests" */;
			buildPhases = (
				D8F152A5273F96B600CF4F83 /* Sources */,
				D8F152A6273F96B600CF4F83 /* Frameworks */,
				D8F152A7273F96B600CF4F83 /* Resources */,
			);
			buildRules = (
			);
			dependencies = (
				D8F152AB273F96B600CF4F83 /* PBXTargetDependency */,
			);
			name = SwiftUIJsonParsingUITests;
			productName = SwiftUIJsonParsingUITests;
			productReference = D8F152A9273F96B600CF4F83 /* SwiftUIJsonParsingUITests.xctest */;
			productType = "com.apple.product-type.bundle.ui-testing";
		};
/* End PBXNativeTarget section */

/* Begin PBXProject section */
		D8F15285273F96B300CF4F83 /* Project object */ = {
			isa = PBXProject;
			attributes = {
				LastSwiftUpdateCheck = 1250;
				LastUpgradeCheck = 1250;
				TargetAttributes = {
					D8F1528C273F96B300CF4F83 = {
						CreatedOnToolsVersion = 12.5;
					};
					D8F1529D273F96B600CF4F83 = {
						CreatedOnToolsVersion = 12.5;
						TestTargetID = D8F1528C273F96B300CF4F83;
					};
					D8F152A8273F96B600CF4F83 = {
						CreatedOnToolsVersion = 12.5;
						TestTargetID = D8F1528C273F96B300CF4F83;
					};
				};
			};
			buildConfigurationList = D8F15288273F96B300CF4F83 /* Build configuration list for PBXProject "SwiftUIJsonParsing" */;
			compatibilityVersion = "Xcode 9.3";
			developmentRegion = en;
			hasScannedForEncodings = 0;
			knownRegions = (
				en,
				Base,
			);
			mainGroup = D8F15284273F96B300CF4F83;
			productRefGroup = D8F1528E273F96B300CF4F83 /* Products */;
			projectDirPath = "";
			projectRoot = "";
			targets = (
				D8F1528C273F96B300CF4F83 /* SwiftUIJsonParsing */,
				D8F1529D273F96B600CF4F83 /* SwiftUIJsonParsingTests */,
				D8F152A8273F96B600CF4F83 /* SwiftUIJsonParsingUITests */,
			);
		};
/* End PBXProject section */

/* Begin PBXResourcesBuildPhase section */
		D8F1528B273F96B300CF4F83 /* Resources */ = {
			isa = PBXResourcesBuildPhase;
			buildActionMask = 2147483647;
			files = (
				D8F15298273F96B500CF4F83 /* Preview Assets.xcassets in Resources */,
				D8F15295273F96B500CF4F83 /* Assets.xcassets in Resources */,
			);
			runOnlyForDeploymentPostprocessing = 0;
		};
		D8F1529C273F96B600CF4F83 /* Resources */ = {
			isa = PBXResourcesBuildPhase;
			buildActionMask = 2147483647;
			files = (
			);
			runOnlyForDeploymentPostprocessing = 0;
		};
		D8F152A7273F96B600CF4F83 /* Resources */ = {
			isa = PBXResourcesBuildPhase;
			buildActionMask = 2147483647;
			files = (
			);
			runOnlyForDeploymentPostprocessing = 0;
		};
/* End PBXResourcesBuildPhase section */

/* Begin PBXSourcesBuildPhase section */
		D8F15289273F96B300CF4F83 /* Sources */ = {
			isa = PBXSourcesBuildPhase;
			buildActionMask = 2147483647;
			files = (
				D8F15293273F96B300CF4F83 /* ContentView.swift in Sources */,
				D8F152BC273F97CE00CF4F83 /* UserModel.swift in Sources */,
				D8F152BE273F985200CF4F83 /* UserViewModel.swift in Sources */,
				D8F15291273F96B300CF4F83 /* SwiftUIJsonParsingApp.swift in Sources */,
			);
			runOnlyForDeploymentPostprocessing = 0;
		};
		D8F1529A273F96B600CF4F83 /* Sources */ = {
			isa = PBXSourcesBuildPhase;
			buildActionMask = 2147483647;
			files = (
				D8F152A3273F96B600CF4F83 /* SwiftUIJsonParsingTests.swift in Sources */,
			);
			runOnlyForDeploymentPostprocessing = 0;
		};
		D8F152A5273F96B600CF4F83 /* Sources */ = {
			isa = PBXSourcesBuildPhase;
			buildActionMask = 2147483647;
			files = (
				D8F152AE273F96B600CF4F83 /* SwiftUIJsonParsingUITests.swift in Sources */,
			);
			runOnlyForDeploymentPostprocessing = 0;
		};
/* End PBXSourcesBuildPhase section */

/* Begin PBXTargetDependency section */
		D8F152A0273F96B600CF4F83 /* PBXTargetDependency */ = {
			isa = PBXTargetDependency;
			target = D8F1528C273F96B300CF4F83 /* SwiftUIJsonParsing */;
			targetProxy = D8F1529F273F96B600CF4F83 /* PBXContainerItemProxy */;
		};
		D8F152AB273F96B600CF4F83 /* PBXTargetDependency */ = {
			isa = PBXTargetDependency;
			target = D8F1528C273F96B300CF4F83 /* SwiftUIJsonParsing */;
			targetProxy = D8F152AA273F96B600CF4F83 /* PBXContainerItemProxy */;
		};
/* End PBXTargetDependency section */

/* Begin XCBuildConfiguration section */
		D8F152B0273F96B600CF4F83 /* Debug */ = {
			isa = XCBuildConfiguration;
			buildSettings = {
				ALWAYS_SEARCH_USER_PATHS = NO;
				CLANG_ANALYZER_NONNULL = YES;
				CLANG_ANALYZER_NUMBER_OBJECT_CONVERSION = YES_AGGRESSIVE;
				CLANG_CXX_LANGUAGE_STANDARD = "gnu++14";
				CLANG_CXX_LIBRARY = "libc++";
				CLANG_ENABLE_MODULES = YES;
				CLANG_ENABLE_OBJC_ARC = YES;
				CLANG_ENABLE_OBJC_WEAK = YES;
				CLANG_WARN_BLOCK_CAPTURE_AUTORELEASING = YES;
				CLANG_WARN_BOOL_CONVERSION = YES;
				CLANG_WARN_COMMA = YES;
				CLANG_WARN_CONSTANT_CONVERSION = YES;
				CLANG_WARN_DEPRECATED_OBJC_IMPLEMENTATIONS = YES;
				CLANG_WARN_DIRECT_OBJC_ISA_USAGE = YES_ERROR;
				CLANG_WARN_DOCUMENTATION_COMMENTS = YES;
				CLANG_WARN_EMPTY_BODY = YES;
				CLANG_WARN_ENUM_CONVERSION = YES;
				CLANG_WARN_INFINITE_RECURSION = YES;
				CLANG_WARN_INT_CONVERSION = YES;
				CLANG_WARN_NON_LITERAL_NULL_CONVERSION = YES;
				CLANG_WARN_OBJC_IMPLICIT_RETAIN_SELF = YES;
				CLANG_WARN_OBJC_LITERAL_CONVERSION = YES;
				CLANG_WARN_OBJC_ROOT_CLASS = YES_ERROR;
				CLANG_WARN_QUOTED_INCLUDE_IN_FRAMEWORK_HEADER = YES;
				CLANG_WARN_RANGE_LOOP_ANALYSIS = YES;
				CLANG_WARN_STRICT_PROTOTYPES = YES;
				CLANG_WARN_SUSPICIOUS_MOVE = YES;
				CLANG_WARN_UNGUARDED_AVAILABILITY = YES_AGGRESSIVE;
				CLANG_WARN_UNREACHABLE_CODE = YES;
				CLANG_WARN__DUPLICATE_METHOD_MATCH = YES;
				COPY_PHASE_STRIP = NO;
				DEBUG_INFORMATION_FORMAT = dwarf;
				ENABLE_STRICT_OBJC_MSGSEND = YES;
				ENABLE_TESTABILITY = YES;
				GCC_C_LANGUAGE_STANDARD = gnu11;
				GCC_DYNAMIC_NO_PIC = NO;
				GCC_NO_COMMON_BLOCKS = YES;
				GCC_OPTIMIZATION_LEVEL = 0;
				GCC_PREPROCESSOR_DEFINITIONS = (
					"DEBUG=1",
					"$(inherited)",
				);
				GCC_WARN_64_TO_32_BIT_CONVERSION = YES;
				GCC_WARN_ABOUT_RETURN_TYPE = YES_ERROR;
				GCC_WARN_UNDECLARED_SELECTOR = YES;
				GCC_WARN_UNINITIALIZED_AUTOS = YES_AGGRESSIVE;
				GCC_WARN_UNUSED_FUNCTION = YES;
				GCC_WARN_UNUSED_VARIABLE = YES;
				IPHONEOS_DEPLOYMENT_TARGET = 14.5;
				MTL_ENABLE_DEBUG_INFO = INCLUDE_SOURCE;
				MTL_FAST_MATH = YES;
				ONLY_ACTIVE_ARCH = YES;
				SDKROOT = iphoneos;
				SWIFT_ACTIVE_COMPILATION_CONDITIONS = DEBUG;
				SWIFT_OPTIMIZATION_LEVEL = "-Onone";
			};
			name = Debug;
		};
		D8F152B1273F96B600CF4F83 /* Release */ = {
			isa = XCBuildConfiguration;
			buildSettings = {
				ALWAYS_SEARCH_USER_PATHS = NO;
				CLANG_ANALYZER_NONNULL = YES;
				CLANG_ANALYZER_NUMBER_OBJECT_CONVERSION = YES_AGGRESSIVE;
				CLANG_CXX_LANGUAGE_STANDARD = "gnu++14";
				CLANG_CXX_LIBRARY = "libc++";
				CLANG_ENABLE_MODULES = YES;
				CLANG_ENABLE_OBJC_ARC = YES;
				CLANG_ENABLE_OBJC_WEAK = YES;
				CLANG_WARN_BLOCK_CAPTURE_AUTORELEASING = YES;
				CLANG_WARN_BOOL_CONVERSION = YES;
				CLANG_WARN_COMMA = YES;
				CLANG_WARN_CONSTANT_CONVERSION = YES;
				CLANG_WARN_DEPRECATED_OBJC_IMPLEMENTATIONS = YES;
				CLANG_WARN_DIRECT_OBJC_ISA_USAGE = YES_ERROR;
				CLANG_WARN_DOCUMENTATION_COMMENTS = YES;
				CLANG_WARN_EMPTY_BODY = YES;
				CLANG_WARN_ENUM_CONVERSION = YES;
				CLANG_WARN_INFINITE_RECURSION = YES;
				CLANG_WARN_INT_CONVERSION = YES;
				CLANG_WARN_NON_LITERAL_NULL_CONVERSION = YES;
				CLANG_WARN_OBJC_IMPLICIT_RETAIN_SELF = YES;
				CLANG_WARN_OBJC_LITERAL_CONVERSION = YES;
				CLANG_WARN_OBJC_ROOT_CLASS = YES_ERROR;
				CLANG_WARN_QUOTED_INCLUDE_IN_FRAMEWORK_HEADER = YES;
				CLANG_WARN_RANGE_LOOP_ANALYSIS = YES;
				CLANG_WARN_STRICT_PROTOTYPES = YES;
				CLANG_WARN_SUSPICIOUS_MOVE = YES;
				CLANG_WARN_UNGUARDED_AVAILABILITY = YES_AGGRESSIVE;
				CLANG_WARN_UNREACHABLE_CODE = YES;
				CLANG_WARN__DUPLICATE_METHOD_MATCH = YES;
				COPY_PHASE_STRIP = NO;
				DEBUG_INFORMATION_FORMAT = "dwarf-with-dsym";
				ENABLE_NS_ASSERTIONS = NO;
				ENABLE_STRICT_OBJC_MSGSEND = YES;
				GCC_C_LANGUAGE_STANDARD = gnu11;
				GCC_NO_COMMON_BLOCKS = YES;
				GCC_WARN_64_TO_32_BIT_CONVERSION = YES;
				GCC_WARN_ABOUT_RETURN_TYPE = YES_ERROR;
				GCC_WARN_UNDECLARED_SELECTOR = YES;
				GCC_WARN_UNINITIALIZED_AUTOS = YES_AGGRESSIVE;
				GCC_WARN_UNUSED_FUNCTION = YES;
				GCC_WARN_UNUSED_VARIABLE = YES;
				IPHONEOS_DEPLOYMENT_TARGET = 14.5;
				MTL_ENABLE_DEBUG_INFO = NO;
				MTL_FAST_MATH = YES;
				SDKROOT = iphoneos;
				SWIFT_COMPILATION_MODE = wholemodule;
				SWIFT_OPTIMIZATION_LEVEL = "-O";
				VALIDATE_PRODUCT = YES;
			};
			name = Release;
		};
		D8F152B3273F96B600CF4F83 /* Debug */ = {
			isa = XCBuildConfiguration;
			buildSettings = {
				ASSETCATALOG_COMPILER_APPICON_NAME = AppIcon;
				ASSETCATALOG_COMPILER_GLOBAL_ACCENT_COLOR_NAME = AccentColor;
				CODE_SIGN_STYLE = Automatic;
				DEVELOPMENT_ASSET_PATHS = "\"SwiftUIJsonParsing/Preview Content\"";
				ENABLE_PREVIEWS = YES;
				INFOPLIST_FILE = SwiftUIJsonParsing/Info.plist;
				IPHONEOS_DEPLOYMENT_TARGET = 14.0;
				LD_RUNPATH_SEARCH_PATHS = (
					"$(inherited)",
					"@executable_path/Frameworks",
				);
				PRODUCT_BUNDLE_IDENTIFIER = com.yug.SwiftUIJsonParsing;
				PRODUCT_NAME = "$(TARGET_NAME)";
				SWIFT_VERSION = 5.0;
				TARGETED_DEVICE_FAMILY = "1,2";
			};
			name = Debug;
		};
		D8F152B4273F96B600CF4F83 /* Release */ = {
			isa = XCBuildConfiguration;
			buildSettings = {
				ASSETCATALOG_COMPILER_APPICON_NAME = AppIcon;
				ASSETCATALOG_COMPILER_GLOBAL_ACCENT_COLOR_NAME = AccentColor;
				CODE_SIGN_STYLE = Automatic;
				DEVELOPMENT_ASSET_PATHS = "\"SwiftUIJsonParsing/Preview Content\"";
				ENABLE_PREVIEWS = YES;
				INFOPLIST_FILE = SwiftUIJsonParsing/Info.plist;
				IPHONEOS_DEPLOYMENT_TARGET = 14.0;
				LD_RUNPATH_SEARCH_PATHS = (
					"$(inherited)",
					"@executable_path/Frameworks",
				);
				PRODUCT_BUNDLE_IDENTIFIER = com.yug.SwiftUIJsonParsing;
				PRODUCT_NAME = "$(TARGET_NAME)";
				SWIFT_VERSION = 5.0;
				TARGETED_DEVICE_FAMILY = "1,2";
			};
			name = Release;
		};
		D8F152B6273F96B600CF4F83 /* Debug */ = {
			isa = XCBuildConfiguration;
			buildSettings = {
				ALWAYS_EMBED_SWIFT_STANDARD_LIBRARIES = YES;
				BUNDLE_LOADER = "$(TEST_HOST)";
				CODE_SIGN_STYLE = Automatic;
				INFOPLIST_FILE = SwiftUIJsonParsingTests/Info.plist;
				IPHONEOS_DEPLOYMENT_TARGET = 14.0;
				LD_RUNPATH_SEARCH_PATHS = (
					"$(inherited)",
					"@executable_path/Frameworks",
					"@loader_path/Frameworks",
				);
				PRODUCT_BUNDLE_IDENTIFIER = com.yug.SwiftUIJsonParsingTests;
				PRODUCT_NAME = "$(TARGET_NAME)";
				SWIFT_VERSION = 5.0;
				TARGETED_DEVICE_FAMILY = "1,2";
				TEST_HOST = "$(BUILT_PRODUCTS_DIR)/SwiftUIJsonParsing.app/SwiftUIJsonParsing";
			};
			name = Debug;
		};
		D8F152B7273F96B600CF4F83 /* Release */ = {
			isa = XCBuildConfiguration;
			buildSettings = {
				ALWAYS_EMBED_SWIFT_STANDARD_LIBRARIES = YES;
				BUNDLE_LOADER = "$(TEST_HOST)";
				CODE_SIGN_STYLE = Automatic;
				INFOPLIST_FILE = SwiftUIJsonParsingTests/Info.plist;
				IPHONEOS_DEPLOYMENT_TARGET = 14.0;
				LD_RUNPATH_SEARCH_PATHS = (
					"$(inherited)",
					"@executable_path/Frameworks",
					"@loader_path/Frameworks",
				);
				PRODUCT_BUNDLE_IDENTIFIER = com.yug.SwiftUIJsonParsingTests;
				PRODUCT_NAME = "$(TARGET_NAME)";
				SWIFT_VERSION = 5.0;
				TARGETED_DEVICE_FAMILY = "1,2";
				TEST_HOST = "$(BUILT_PRODUCTS_DIR)/SwiftUIJsonParsing.app/SwiftUIJsonParsing";
			};
			name = Release;
		};
		D8F152B9273F96B600CF4F83 /* Debug */ = {
			isa = XCBuildConfiguration;
			buildSettings = {
				ALWAYS_EMBED_SWIFT_STANDARD_LIBRARIES = YES;
				CODE_SIGN_STYLE = Automatic;
				INFOPLIST_FILE = SwiftUIJsonParsingUITests/Info.plist;
				LD_RUNPATH_SEARCH_PATHS = (
					"$(inherited)",
					"@executable_path/Frameworks",
					"@loader_path/Frameworks",
				);
				PRODUCT_BUNDLE_IDENTIFIER = com.yug.SwiftUIJsonParsingUITests;
				PRODUCT_NAME = "$(TARGET_NAME)";
				SWIFT_VERSION = 5.0;
				TARGETED_DEVICE_FAMILY = "1,2";
				TEST_TARGET_NAME = SwiftUIJsonParsing;
			};
			name = Debug;
		};
		D8F152BA273F96B600CF4F83 /* Release */ = {
			isa = XCBuildConfiguration;
			buildSettings = {
				ALWAYS_EMBED_SWIFT_STANDARD_LIBRARIES = YES;
				CODE_SIGN_STYLE = Automatic;
				INFOPLIST_FILE = SwiftUIJsonParsingUITests/Info.plist;
				LD_RUNPATH_SEARCH_PATHS = (
					"$(inherited)",
					"@executable_path/Frameworks",
					"@loader_path/Frameworks",
				);
				PRODUCT_BUNDLE_IDENTIFIER = com.yug.SwiftUIJsonParsingUITests;
				PRODUCT_NAME = "$(TARGET_NAME)";
				SWIFT_VERSION = 5.0;
				TARGETED_DEVICE_FAMILY = "1,2";
				TEST_TARGET_NAME = SwiftUIJsonParsing;
			};
			name = Release;
		};
/* End XCBuildConfiguration section */

/* Begin XCConfigurationList section */
		D8F15288273F96B300CF4F83 /* Build configuration list for PBXProject "SwiftUIJsonParsing" */ = {
			isa = XCConfigurationList;
			buildConfigurations = (
				D8F152B0273F96B600CF4F83 /* Debug */,
				D8F152B1273F96B600CF4F83 /* Release */,
			);
			defaultConfigurationIsVisible = 0;
			defaultConfigurationName = Release;
		};
		D8F152B2273F96B600CF4F83 /* Build configuration list for PBXNativeTarget "SwiftUIJsonParsing" */ = {
			isa = XCConfigurationList;
			buildConfigurations = (
				D8F152B3273F96B600CF4F83 /* Debug */,
				D8F152B4273F96B600CF4F83 /* Release */,
			);
			defaultConfigurationIsVisible = 0;
			defaultConfigurationName = Release;
		};
		D8F152B5273F96B600CF4F83 /* Build configuration list for PBXNativeTarget "SwiftUIJsonParsingTests" */ = {
			isa = XCConfigurationList;
			buildConfigurations = (
				D8F152B6273F96B600CF4F83 /* Debug */,
				D8F152B7273F96B600CF4F83 /* Release */,
			);
			defaultConfigurationIsVisible = 0;
			defaultConfigurationName = Release;
		};
		D8F152B8273F96B600CF4F83 /* Build configuration list for PBXNativeTarget "SwiftUIJsonParsingUITests" */ = {
			isa = XCConfigurationList;
			buildConfigurations = (
				D8F152B9273F96B600CF4F83 /* Debug */,
				D8F152BA273F96B600CF4F83 /* Release */,
			);
			defaultConfigurationIsVisible = 0;
			defaultConfigurationName = Release;
		};
/* End XCConfigurationList section */
	};
	rootObject = D8F15285273F96B300CF4F83 /* Project object */;
}
